
Microsoft Visual Studio Solution File, Format Version 12.00
# Visual Studio Version 17
VisualStudioVersion = 17.0.31912.275
MinimumVisualStudioVersion = 10.0.40219.1
Project("{9A19103F-16F7-4668-BE54-9A1E7A4F7556}") = "01_Log", "src\01_Log\01_Log.csproj", "{E203D47B-C0C1-434D-BBE3-BB2978197FB9}"
EndProject
Project("{9A19103F-16F7-4668-BE54-9A1E7A4F7556}") = "02_Retry", "src\02_Retry\02_Retry.csproj", "{EB4F1B0D-CD3C-4D7B-BDE0-2BDA6142D3C8}"
EndProject
Project("{9A19103F-16F7-4668-BE54-9A1E7A4F7556}") = "03_LogWithParameters", "src\03_LogWithParameters\03_LogWithParameters.csproj", "{F53413AA-64C1-4324-9439-02DFC849BF9D}"
EndProject
Project("{9A19103F-16F7-4668-BE54-9A1E7A4F7556}") = "04_Id", "src\04_Id\04_Id.csproj", "{D6DF6FB7-09C4-4E10-A306-2FEC074CC82F}"
EndProject
Project("{9A19103F-16F7-4668-BE54-9A1E7A4F7556}") = "07_LogWithEligibility", "src\07_LogWithEligibility\07_LogWithEligibility.csproj", "{864550DB-5E09-47E5-9761-B077B464A790}"
EndProject
Project("{9A19103F-16F7-4668-BE54-9A1E7A4F7556}") = "08_LogWithSuppression", "src\08_LogWithSuppression\08_LogWithSuppression.csproj", "{E4B40AFA-1679-4CAF-96AE-C6559D77F21E}"
EndProject
Project("{2150E333-8FDC-42A3-9474-1A3956D46DE8}") = "1A_Aspects", "1A_Aspects", "{35C14AC9-529D-41DC-B716-E2105A3E4B71}"
EndProject
Project("{2150E333-8FDC-42A3-9474-1A3956D46DE8}") = "2_ArchitectureValidation", "2_ArchitectureValidation", "{260C060F-65F6-41E9-A2DA-E8BEAB4B4862}"
EndProject
Project("{2150E333-8FDC-42A3-9474-1A3956D46DE8}") = "1B_Fabrics", "1B_Fabrics", "{A042D991-422D-4E5F-A6F6-FF861966C55D}"
EndProject
Project("{2150E333-8FDC-42A3-9474-1A3956D46DE8}") = "04_CodeFixes", "04_CodeFixes", "{6916794A-4C76-4AE9-9505-562148BAE742}"
EndProject
Project("{9A19103F-16F7-4668-BE54-9A1E7A4F7556}") = "09_LogWithDependencyInjection", "src\09_LogWithDependencyInjection\09_LogWithDependencyInjection.csproj", "{0E8B7B65-01DE-42E5-A44E-653F8E43AE41}"
EndProject
Project("{9A19103F-16F7-4668-BE54-9A1E7A4F7556}") = "10_ForTestOnly", "src\10_ForTestOnly\10_ForTestOnly.csproj", "{24F2C52D-41A4-436A-842A-8C480B623F9E}"
EndProject
Project("{9A19103F-16F7-4668-BE54-9A1E7A4F7556}") = "11_NamespaceInternal", "src\11_NamespaceInternal\11_NamespaceInternal.csproj", "{DF263667-064D-48C6-9AF6-4D9EC29ECF8A}"
EndProject
Project("{9A19103F-16F7-4668-BE54-9A1E7A4F7556}") = "12_LogEverything", "src\12_LogEverything\12_LogEverything.csproj", "{BAAA2127-EA10-4AA4-B446-EE48AC8E3554}"
EndProject
Project("{9A19103F-16F7-4668-BE54-9A1E7A4F7556}") = "13_LogEverythingWithOptions", "src\13_LogEverythingWithOptions\13_LogEverythingWithOptions.csproj", "{63B52AA2-0DB4-491E-A65E-20481D7ED9D8}"
EndProject
Project("{9A19103F-16F7-4668-BE54-9A1E7A4F7556}") = "14_ToStringLiveTemplate", "src\14_ToStringLiveTemplate\14_ToStringLiveTemplate.csproj", "{014F2BAA-114B-4DB9-B77B-07A579495FE9}"
EndProject
Project("{9A19103F-16F7-4668-BE54-9A1E7A4F7556}") = "15_ToStringWithCodeFix", "src\15_ToStringWithCodeFix\15_ToStringWithCodeFix.csproj", "{87CA926E-9C6C-4347-9327-0EBF7A14677E}"
EndProject
Project("{2150E333-8FDC-42A3-9474-1A3956D46DE8}") = "Attic", "Attic", "{FFD9DCF5-3A6B-40FA-B160-57FB5211067A}"
EndProject
Project("{9A19103F-16F7-4668-BE54-9A1E7A4F7556}") = "05_ChangeTracking", "src\05_ChangeTracking\05_ChangeTracking.csproj", "{F13E82C0-76E6-4D9D-9B58-8351A4822907}"
EndProject
Project("{9A19103F-16F7-4668-BE54-9A1E7A4F7556}") = "06_ChangeTracking _ReportErrors", "src\06_ChangeTracking _ReportErrors\06_ChangeTracking _ReportErrors.csproj", "{4C5332A2-A1B1-408A-B8C2-AA8419500D01}"
EndProject
Project("{2150E333-8FDC-42A3-9474-1A3956D46DE8}") = "3_Patterns", "3_Patterns", "{1B5048B6-2BEB-47D7-B1AF-2820FD22AC72}"
EndProject
Project("{9A19103F-16F7-4668-BE54-9A1E7A4F7556}") = "Caching", "src\Caching\Caching.csproj", "{95F42C89-5B9F-45CB-ADA4-883E8CB33203}"
EndProject
Project("{9A19103F-16F7-4668-BE54-9A1E7A4F7556}") = "Contracts", "src\Contracts\Contracts.csproj", "{E8A90363-D95C-4175-AD42-0A8A73BADD54}"
EndProject
Project("{9A19103F-16F7-4668-BE54-9A1E7A4F7556}") = "MauiAppDemo", "src\MauiDemoApp\MauiDemoApp.csproj", "{CE42B914-E731-436B-AD27-B70B73C7D74E}"
EndProject
Global
	GlobalSection(SolutionConfigurationPlatforms) = preSolution
		Debug|Any CPU = Debug|Any CPU
		LamaDebug|Any CPU = LamaDebug|Any CPU
		Release|Any CPU = Release|Any CPU
	EndGlobalSection
	GlobalSection(ProjectConfigurationPlatforms) = postSolution
		{E203D47B-C0C1-434D-BBE3-BB2978197FB9}.Debug|Any CPU.ActiveCfg = Debug|Any CPU
		{E203D47B-C0C1-434D-BBE3-BB2978197FB9}.Debug|Any CPU.Build.0 = Debug|Any CPU
		{E203D47B-C0C1-434D-BBE3-BB2978197FB9}.LamaDebug|Any CPU.ActiveCfg = LamaDebug|Any CPU
		{E203D47B-C0C1-434D-BBE3-BB2978197FB9}.LamaDebug|Any CPU.Build.0 = LamaDebug|Any CPU
		{E203D47B-C0C1-434D-BBE3-BB2978197FB9}.Release|Any CPU.ActiveCfg = Release|Any CPU
		{E203D47B-C0C1-434D-BBE3-BB2978197FB9}.Release|Any CPU.Build.0 = Release|Any CPU
		{EB4F1B0D-CD3C-4D7B-BDE0-2BDA6142D3C8}.Debug|Any CPU.ActiveCfg = Debug|Any CPU
		{EB4F1B0D-CD3C-4D7B-BDE0-2BDA6142D3C8}.Debug|Any CPU.Build.0 = Debug|Any CPU
		{EB4F1B0D-CD3C-4D7B-BDE0-2BDA6142D3C8}.LamaDebug|Any CPU.ActiveCfg = LamaDebug|Any CPU
		{EB4F1B0D-CD3C-4D7B-BDE0-2BDA6142D3C8}.LamaDebug|Any CPU.Build.0 = LamaDebug|Any CPU
		{EB4F1B0D-CD3C-4D7B-BDE0-2BDA6142D3C8}.Release|Any CPU.ActiveCfg = Release|Any CPU
		{EB4F1B0D-CD3C-4D7B-BDE0-2BDA6142D3C8}.Release|Any CPU.Build.0 = Release|Any CPU
		{F53413AA-64C1-4324-9439-02DFC849BF9D}.Debug|Any CPU.ActiveCfg = Debug|Any CPU
		{F53413AA-64C1-4324-9439-02DFC849BF9D}.Debug|Any CPU.Build.0 = Debug|Any CPU
		{F53413AA-64C1-4324-9439-02DFC849BF9D}.LamaDebug|Any CPU.ActiveCfg = LamaDebug|Any CPU
		{F53413AA-64C1-4324-9439-02DFC849BF9D}.LamaDebug|Any CPU.Build.0 = LamaDebug|Any CPU
		{F53413AA-64C1-4324-9439-02DFC849BF9D}.Release|Any CPU.ActiveCfg = Release|Any CPU
		{F53413AA-64C1-4324-9439-02DFC849BF9D}.Release|Any CPU.Build.0 = Release|Any CPU
		{D6DF6FB7-09C4-4E10-A306-2FEC074CC82F}.Debug|Any CPU.ActiveCfg = Debug|Any CPU
		{D6DF6FB7-09C4-4E10-A306-2FEC074CC82F}.Debug|Any CPU.Build.0 = Debug|Any CPU
		{D6DF6FB7-09C4-4E10-A306-2FEC074CC82F}.LamaDebug|Any CPU.ActiveCfg = LamaDebug|Any CPU
		{D6DF6FB7-09C4-4E10-A306-2FEC074CC82F}.LamaDebug|Any CPU.Build.0 = LamaDebug|Any CPU
		{D6DF6FB7-09C4-4E10-A306-2FEC074CC82F}.Release|Any CPU.ActiveCfg = Release|Any CPU
		{D6DF6FB7-09C4-4E10-A306-2FEC074CC82F}.Release|Any CPU.Build.0 = Release|Any CPU
		{864550DB-5E09-47E5-9761-B077B464A790}.Debug|Any CPU.ActiveCfg = Debug|Any CPU
		{864550DB-5E09-47E5-9761-B077B464A790}.Debug|Any CPU.Build.0 = Debug|Any CPU
		{864550DB-5E09-47E5-9761-B077B464A790}.LamaDebug|Any CPU.ActiveCfg = LamaDebug|Any CPU
		{864550DB-5E09-47E5-9761-B077B464A790}.LamaDebug|Any CPU.Build.0 = LamaDebug|Any CPU
		{864550DB-5E09-47E5-9761-B077B464A790}.Release|Any CPU.ActiveCfg = Release|Any CPU
		{864550DB-5E09-47E5-9761-B077B464A790}.Release|Any CPU.Build.0 = Release|Any CPU
		{E4B40AFA-1679-4CAF-96AE-C6559D77F21E}.Debug|Any CPU.ActiveCfg = Debug|Any CPU
		{E4B40AFA-1679-4CAF-96AE-C6559D77F21E}.Debug|Any CPU.Build.0 = Debug|Any CPU
		{E4B40AFA-1679-4CAF-96AE-C6559D77F21E}.LamaDebug|Any CPU.ActiveCfg = LamaDebug|Any CPU
		{E4B40AFA-1679-4CAF-96AE-C6559D77F21E}.LamaDebug|Any CPU.Build.0 = LamaDebug|Any CPU
		{E4B40AFA-1679-4CAF-96AE-C6559D77F21E}.Release|Any CPU.ActiveCfg = Release|Any CPU
		{E4B40AFA-1679-4CAF-96AE-C6559D77F21E}.Release|Any CPU.Build.0 = Release|Any CPU
		{0E8B7B65-01DE-42E5-A44E-653F8E43AE41}.Debug|Any CPU.ActiveCfg = Debug|Any CPU
		{0E8B7B65-01DE-42E5-A44E-653F8E43AE41}.Debug|Any CPU.Build.0 = Debug|Any CPU
		{0E8B7B65-01DE-42E5-A44E-653F8E43AE41}.LamaDebug|Any CPU.ActiveCfg = LamaDebug|Any CPU
		{0E8B7B65-01DE-42E5-A44E-653F8E43AE41}.LamaDebug|Any CPU.Build.0 = LamaDebug|Any CPU
		{0E8B7B65-01DE-42E5-A44E-653F8E43AE41}.Release|Any CPU.ActiveCfg = Release|Any CPU
		{0E8B7B65-01DE-42E5-A44E-653F8E43AE41}.Release|Any CPU.Build.0 = Release|Any CPU
		{24F2C52D-41A4-436A-842A-8C480B623F9E}.Debug|Any CPU.ActiveCfg = Debug|Any CPU
		{24F2C52D-41A4-436A-842A-8C480B623F9E}.Debug|Any CPU.Build.0 = Debug|Any CPU
		{24F2C52D-41A4-436A-842A-8C480B623F9E}.LamaDebug|Any CPU.ActiveCfg = LamaDebug|Any CPU
		{24F2C52D-41A4-436A-842A-8C480B623F9E}.LamaDebug|Any CPU.Build.0 = LamaDebug|Any CPU
		{24F2C52D-41A4-436A-842A-8C480B623F9E}.Release|Any CPU.ActiveCfg = Release|Any CPU
		{24F2C52D-41A4-436A-842A-8C480B623F9E}.Release|Any CPU.Build.0 = Release|Any CPU
		{DF263667-064D-48C6-9AF6-4D9EC29ECF8A}.Debug|Any CPU.ActiveCfg = Debug|Any CPU
		{DF263667-064D-48C6-9AF6-4D9EC29ECF8A}.Debug|Any CPU.Build.0 = Debug|Any CPU
		{DF263667-064D-48C6-9AF6-4D9EC29ECF8A}.LamaDebug|Any CPU.ActiveCfg = LamaDebug|Any CPU
		{DF263667-064D-48C6-9AF6-4D9EC29ECF8A}.LamaDebug|Any CPU.Build.0 = LamaDebug|Any CPU
		{DF263667-064D-48C6-9AF6-4D9EC29ECF8A}.Release|Any CPU.ActiveCfg = Release|Any CPU
		{DF263667-064D-48C6-9AF6-4D9EC29ECF8A}.Release|Any CPU.Build.0 = Release|Any CPU
		{BAAA2127-EA10-4AA4-B446-EE48AC8E3554}.Debug|Any CPU.ActiveCfg = Debug|Any CPU
		{BAAA2127-EA10-4AA4-B446-EE48AC8E3554}.Debug|Any CPU.Build.0 = Debug|Any CPU
		{BAAA2127-EA10-4AA4-B446-EE48AC8E3554}.LamaDebug|Any CPU.ActiveCfg = LamaDebug|Any CPU
		{BAAA2127-EA10-4AA4-B446-EE48AC8E3554}.LamaDebug|Any CPU.Build.0 = LamaDebug|Any CPU
		{BAAA2127-EA10-4AA4-B446-EE48AC8E3554}.Release|Any CPU.ActiveCfg = Release|Any CPU
		{BAAA2127-EA10-4AA4-B446-EE48AC8E3554}.Release|Any CPU.Build.0 = Release|Any CPU
		{63B52AA2-0DB4-491E-A65E-20481D7ED9D8}.Debug|Any CPU.ActiveCfg = Debug|Any CPU
		{63B52AA2-0DB4-491E-A65E-20481D7ED9D8}.Debug|Any CPU.Build.0 = Debug|Any CPU
		{63B52AA2-0DB4-491E-A65E-20481D7ED9D8}.LamaDebug|Any CPU.ActiveCfg = LamaDebug|Any CPU
		{63B52AA2-0DB4-491E-A65E-20481D7ED9D8}.LamaDebug|Any CPU.Build.0 = LamaDebug|Any CPU
		{63B52AA2-0DB4-491E-A65E-20481D7ED9D8}.Release|Any CPU.ActiveCfg = Release|Any CPU
		{63B52AA2-0DB4-491E-A65E-20481D7ED9D8}.Release|Any CPU.Build.0 = Release|Any CPU
		{014F2BAA-114B-4DB9-B77B-07A579495FE9}.Debug|Any CPU.ActiveCfg = Debug|Any CPU
		{014F2BAA-114B-4DB9-B77B-07A579495FE9}.Debug|Any CPU.Build.0 = Debug|Any CPU
		{014F2BAA-114B-4DB9-B77B-07A579495FE9}.LamaDebug|Any CPU.ActiveCfg = LamaDebug|Any CPU
		{014F2BAA-114B-4DB9-B77B-07A579495FE9}.LamaDebug|Any CPU.Build.0 = LamaDebug|Any CPU
		{014F2BAA-114B-4DB9-B77B-07A579495FE9}.Release|Any CPU.ActiveCfg = Release|Any CPU
		{014F2BAA-114B-4DB9-B77B-07A579495FE9}.Release|Any CPU.Build.0 = Release|Any CPU
		{87CA926E-9C6C-4347-9327-0EBF7A14677E}.Debug|Any CPU.ActiveCfg = Debug|Any CPU
		{87CA926E-9C6C-4347-9327-0EBF7A14677E}.Debug|Any CPU.Build.0 = Debug|Any CPU
		{87CA926E-9C6C-4347-9327-0EBF7A14677E}.LamaDebug|Any CPU.ActiveCfg = LamaDebug|Any CPU
		{87CA926E-9C6C-4347-9327-0EBF7A14677E}.LamaDebug|Any CPU.Build.0 = LamaDebug|Any CPU
		{87CA926E-9C6C-4347-9327-0EBF7A14677E}.Release|Any CPU.ActiveCfg = Release|Any CPU
		{87CA926E-9C6C-4347-9327-0EBF7A14677E}.Release|Any CPU.Build.0 = Release|Any CPU
		{F13E82C0-76E6-4D9D-9B58-8351A4822907}.Debug|Any CPU.ActiveCfg = Debug|Any CPU
		{F13E82C0-76E6-4D9D-9B58-8351A4822907}.Debug|Any CPU.Build.0 = Debug|Any CPU
		{F13E82C0-76E6-4D9D-9B58-8351A4822907}.LamaDebug|Any CPU.ActiveCfg = LamaDebug|Any CPU
		{F13E82C0-76E6-4D9D-9B58-8351A4822907}.LamaDebug|Any CPU.Build.0 = LamaDebug|Any CPU
		{F13E82C0-76E6-4D9D-9B58-8351A4822907}.Release|Any CPU.ActiveCfg = Release|Any CPU
		{F13E82C0-76E6-4D9D-9B58-8351A4822907}.Release|Any CPU.Build.0 = Release|Any CPU
		{4C5332A2-A1B1-408A-B8C2-AA8419500D01}.Debug|Any CPU.ActiveCfg = Debug|Any CPU
		{4C5332A2-A1B1-408A-B8C2-AA8419500D01}.Debug|Any CPU.Build.0 = Debug|Any CPU
		{4C5332A2-A1B1-408A-B8C2-AA8419500D01}.LamaDebug|Any CPU.ActiveCfg = LamaDebug|Any CPU
		{4C5332A2-A1B1-408A-B8C2-AA8419500D01}.LamaDebug|Any CPU.Build.0 = LamaDebug|Any CPU
		{4C5332A2-A1B1-408A-B8C2-AA8419500D01}.Release|Any CPU.ActiveCfg = Release|Any CPU
		{4C5332A2-A1B1-408A-B8C2-AA8419500D01}.Release|Any CPU.Build.0 = Release|Any CPU
		{95F42C89-5B9F-45CB-ADA4-883E8CB33203}.Debug|Any CPU.ActiveCfg = Debug|Any CPU
		{95F42C89-5B9F-45CB-ADA4-883E8CB33203}.Debug|Any CPU.Build.0 = Debug|Any CPU
		{95F42C89-5B9F-45CB-ADA4-883E8CB33203}.LamaDebug|Any CPU.ActiveCfg = LamaDebug|Any CPU
		{95F42C89-5B9F-45CB-ADA4-883E8CB33203}.LamaDebug|Any CPU.Build.0 = LamaDebug|Any CPU
		{95F42C89-5B9F-45CB-ADA4-883E8CB33203}.Release|Any CPU.ActiveCfg = Release|Any CPU
		{95F42C89-5B9F-45CB-ADA4-883E8CB33203}.Release|Any CPU.Build.0 = Release|Any CPU
		{E8A90363-D95C-4175-AD42-0A8A73BADD54}.Debug|Any CPU.ActiveCfg = Debug|Any CPU
		{E8A90363-D95C-4175-AD42-0A8A73BADD54}.Debug|Any CPU.Build.0 = Debug|Any CPU
		{E8A90363-D95C-4175-AD42-0A8A73BADD54}.LamaDebug|Any CPU.ActiveCfg = LamaDebug|Any CPU
		{E8A90363-D95C-4175-AD42-0A8A73BADD54}.LamaDebug|Any CPU.Build.0 = LamaDebug|Any CPU
		{E8A90363-D95C-4175-AD42-0A8A73BADD54}.Release|Any CPU.ActiveCfg = Release|Any CPU
		{E8A90363-D95C-4175-AD42-0A8A73BADD54}.Release|Any CPU.Build.0 = Release|Any CPU
		{CE42B914-E731-436B-AD27-B70B73C7D74E}.Debug|Any CPU.ActiveCfg = Debug|Any CPU
		{CE42B914-E731-436B-AD27-B70B73C7D74E}.Debug|Any CPU.Build.0 = Debug|Any CPU
		{CE42B914-E731-436B-AD27-B70B73C7D74E}.LamaDebug|Any CPU.ActiveCfg = LamaDebug|Any CPU
		{CE42B914-E731-436B-AD27-B70B73C7D74E}.LamaDebug|Any CPU.Build.0 = LamaDebug|Any CPU
		{CE42B914-E731-436B-AD27-B70B73C7D74E}.Release|Any CPU.ActiveCfg = Release|Any CPU
		{CE42B914-E731-436B-AD27-B70B73C7D74E}.Release|Any CPU.Build.0 = Release|Any CPU
	EndGlobalSection
	GlobalSection(SolutionProperties) = preSolution
		HideSolutionNode = FALSE
	EndGlobalSection
	GlobalSection(NestedProjects) = preSolution
		{E203D47B-C0C1-434D-BBE3-BB2978197FB9} = {35C14AC9-529D-41DC-B716-E2105A3E4B71}
		{EB4F1B0D-CD3C-4D7B-BDE0-2BDA6142D3C8} = {35C14AC9-529D-41DC-B716-E2105A3E4B71}
		{F53413AA-64C1-4324-9439-02DFC849BF9D} = {35C14AC9-529D-41DC-B716-E2105A3E4B71}
		{D6DF6FB7-09C4-4E10-A306-2FEC074CC82F} = {35C14AC9-529D-41DC-B716-E2105A3E4B71}
		{864550DB-5E09-47E5-9761-B077B464A790} = {FFD9DCF5-3A6B-40FA-B160-57FB5211067A}
		{E4B40AFA-1679-4CAF-96AE-C6559D77F21E} = {FFD9DCF5-3A6B-40FA-B160-57FB5211067A}
		{6916794A-4C76-4AE9-9505-562148BAE742} = {FFD9DCF5-3A6B-40FA-B160-57FB5211067A}
		{0E8B7B65-01DE-42E5-A44E-653F8E43AE41} = {FFD9DCF5-3A6B-40FA-B160-57FB5211067A}
		{24F2C52D-41A4-436A-842A-8C480B623F9E} = {260C060F-65F6-41E9-A2DA-E8BEAB4B4862}
		{DF263667-064D-48C6-9AF6-4D9EC29ECF8A} = {260C060F-65F6-41E9-A2DA-E8BEAB4B4862}
		{BAAA2127-EA10-4AA4-B446-EE48AC8E3554} = {A042D991-422D-4E5F-A6F6-FF861966C55D}
		{63B52AA2-0DB4-491E-A65E-20481D7ED9D8} = {A042D991-422D-4E5F-A6F6-FF861966C55D}
		{014F2BAA-114B-4DB9-B77B-07A579495FE9} = {6916794A-4C76-4AE9-9505-562148BAE742}
		{87CA926E-9C6C-4347-9327-0EBF7A14677E} = {6916794A-4C76-4AE9-9505-562148BAE742}
		{F13E82C0-76E6-4D9D-9B58-8351A4822907} = {35C14AC9-529D-41DC-B716-E2105A3E4B71}
		{4C5332A2-A1B1-408A-B8C2-AA8419500D01} = {35C14AC9-529D-41DC-B716-E2105A3E4B71}
		{95F42C89-5B9F-45CB-ADA4-883E8CB33203} = {1B5048B6-2BEB-47D7-B1AF-2820FD22AC72}
		{E8A90363-D95C-4175-AD42-0A8A73BADD54} = {1B5048B6-2BEB-47D7-B1AF-2820FD22AC72}
		{CE42B914-E731-436B-AD27-B70B73C7D74E} = {1B5048B6-2BEB-47D7-B1AF-2820FD22AC72}
	EndGlobalSection
	GlobalSection(ExtensibilityGlobals) = postSolution
		SolutionGuid = {40D2FBCB-DC9E-4CF3-AA05-9A42E9210D2C}
	EndGlobalSection
EndGlobal
