
Microsoft Visual Studio Solution File, Format Version 12.00
# Visual Studio Version 17
VisualStudioVersion = 17.0.31912.275
MinimumVisualStudioVersion = 10.0.40219.1
Project("{9A19103F-16F7-4668-BE54-9A1E7A4F7556}") = "01_Log", "src\01_Log\01_Log.csproj", "{E203D47B-C0C1-434D-BBE3-BB2978197FB9}"
EndProject
Project("{9A19103F-16F7-4668-BE54-9A1E7A4F7556}") = "02_Retry", "src\02_Retry\02_Retry.csproj", "{EB4F1B0D-CD3C-4D7B-BDE0-2BDA6142D3C8}"
EndProject
Project("{9A19103F-16F7-4668-BE54-9A1E7A4F7556}") = "03_LogWithParameters", "src\03_LogWithParameters\03_LogWithParameters.csproj", "{F53413AA-64C1-4324-9439-02DFC849BF9D}"
EndProject
Project("{9A19103F-16F7-4668-BE54-9A1E7A4F7556}") = "05_NotifyPropertyChanged", "src\05_NotifyPropertyChanged\05_NotifyPropertyChanged.csproj", "{F7ED25E5-478D-4F55-8266-6DF1BF965FB7}"
EndProject
Project("{9A19103F-16F7-4668-BE54-9A1E7A4F7556}") = "04_Id", "src\04_Id\04_Id.csproj", "{D6DF6FB7-09C4-4E10-A306-2FEC074CC82F}"
EndProject
Project("{9A19103F-16F7-4668-BE54-9A1E7A4F7556}") = "06_LogWithError", "src\06_LogWithWarning\06_LogWithError.csproj", "{DC1845C8-D43B-4292-8293-CCE478499329}"
EndProject
Project("{9A19103F-16F7-4668-BE54-9A1E7A4F7556}") = "07_LogWithEligibility", "src\07_LogWithEligibility\07_LogWithEligibility.csproj", "{864550DB-5E09-47E5-9761-B077B464A790}"
EndProject
Project("{9A19103F-16F7-4668-BE54-9A1E7A4F7556}") = "08_LogWithSuppression", "src\08_LogWithSuppression\08_LogWithSuppression.csproj", "{E4B40AFA-1679-4CAF-96AE-C6559D77F21E}"
EndProject
Project("{9A19103F-16F7-4668-BE54-9A1E7A4F7556}") = "09_ForTestOnly", "src\09_ForTestOnly\09_ForTestOnly.csproj", "{68A578F2-A5F8-4105-A57A-17F87F254400}"
EndProject
Project("{9A19103F-16F7-4668-BE54-9A1E7A4F7556}") = "10_NamespaceInternal", "src\10_NamespaceInternal\10_NamespaceInternal.csproj", "{243EE4C1-0778-40E0-8017-F08B1163ACDA}"
EndProject
Project("{9A19103F-16F7-4668-BE54-9A1E7A4F7556}") = "11_LogEverything", "src\11_LogEverything\11_LogEverything.csproj", "{7E13774A-D198-4056-A27D-C0630166D54B}"
EndProject
Project("{9A19103F-16F7-4668-BE54-9A1E7A4F7556}") = "12_LogEverythingWithOptions", "src\12_LogEverythingWithOptions\12_LogEverythingWithOptions.csproj", "{DB893AD4-3523-495B-AA97-CAED7BFE0EE2}"
EndProject
Project("{9A19103F-16F7-4668-BE54-9A1E7A4F7556}") = "13_ToStringLiveTemplate", "src\13_ToStringLiveTemplate\13_ToStringLiveTemplate.csproj", "{5B9818FD-260D-4E46-AB40-130855B2DC79}"
EndProject
Project("{9A19103F-16F7-4668-BE54-9A1E7A4F7556}") = "14_ToStringWithCodeFix", "src\14_ToStringWithCodeFix\14_ToStringWithCodeFix.csproj", "{0AB5F224-D741-4E13-A097-2180F385B98C}"
EndProject
Project("{2150E333-8FDC-42A3-9474-1A3956D46DE8}") = "01_Aspects", "01_Aspects", "{35C14AC9-529D-41DC-B716-E2105A3E4B71}"
EndProject
Project("{2150E333-8FDC-42A3-9474-1A3956D46DE8}") = "02_ArchitectureValidation", "02_ArchitectureValidation", "{260C060F-65F6-41E9-A2DA-E8BEAB4B4862}"
EndProject
Project("{2150E333-8FDC-42A3-9474-1A3956D46DE8}") = "03_Fabrics", "03_Fabrics", "{A042D991-422D-4E5F-A6F6-FF861966C55D}"
EndProject
Project("{2150E333-8FDC-42A3-9474-1A3956D46DE8}") = "04_CodeFixes", "04_CodeFixes", "{6916794A-4C76-4AE9-9505-562148BAE742}"
EndProject
Project("{9A19103F-16F7-4668-BE54-9A1E7A4F7556}") = "09_LogWithDependencyInjection", "src\09_LogWithDependencyInjection\09_LogWithDependencyInjection.csproj", "{0E8B7B65-01DE-42E5-A44E-653F8E43AE41}"
EndProject
Global
	GlobalSection(SolutionConfigurationPlatforms) = preSolution
		Debug|Any CPU = Debug|Any CPU
		LamaDebug|Any CPU = LamaDebug|Any CPU
		Release|Any CPU = Release|Any CPU
	EndGlobalSection
	GlobalSection(ProjectConfigurationPlatforms) = postSolution
		{E203D47B-C0C1-434D-BBE3-BB2978197FB9}.Debug|Any CPU.ActiveCfg = Debug|Any CPU
		{E203D47B-C0C1-434D-BBE3-BB2978197FB9}.Debug|Any CPU.Build.0 = Debug|Any CPU
		{E203D47B-C0C1-434D-BBE3-BB2978197FB9}.LamaDebug|Any CPU.ActiveCfg = LamaDebug|Any CPU
		{E203D47B-C0C1-434D-BBE3-BB2978197FB9}.LamaDebug|Any CPU.Build.0 = LamaDebug|Any CPU
		{E203D47B-C0C1-434D-BBE3-BB2978197FB9}.Release|Any CPU.ActiveCfg = Release|Any CPU
		{E203D47B-C0C1-434D-BBE3-BB2978197FB9}.Release|Any CPU.Build.0 = Release|Any CPU
		{EB4F1B0D-CD3C-4D7B-BDE0-2BDA6142D3C8}.Debug|Any CPU.ActiveCfg = Debug|Any CPU
		{EB4F1B0D-CD3C-4D7B-BDE0-2BDA6142D3C8}.Debug|Any CPU.Build.0 = Debug|Any CPU
		{EB4F1B0D-CD3C-4D7B-BDE0-2BDA6142D3C8}.LamaDebug|Any CPU.ActiveCfg = LamaDebug|Any CPU
		{EB4F1B0D-CD3C-4D7B-BDE0-2BDA6142D3C8}.LamaDebug|Any CPU.Build.0 = LamaDebug|Any CPU
		{EB4F1B0D-CD3C-4D7B-BDE0-2BDA6142D3C8}.Release|Any CPU.ActiveCfg = Release|Any CPU
		{EB4F1B0D-CD3C-4D7B-BDE0-2BDA6142D3C8}.Release|Any CPU.Build.0 = Release|Any CPU
		{F53413AA-64C1-4324-9439-02DFC849BF9D}.Debug|Any CPU.ActiveCfg = Debug|Any CPU
		{F53413AA-64C1-4324-9439-02DFC849BF9D}.Debug|Any CPU.Build.0 = Debug|Any CPU
		{F53413AA-64C1-4324-9439-02DFC849BF9D}.LamaDebug|Any CPU.ActiveCfg = LamaDebug|Any CPU
		{F53413AA-64C1-4324-9439-02DFC849BF9D}.LamaDebug|Any CPU.Build.0 = LamaDebug|Any CPU
		{F53413AA-64C1-4324-9439-02DFC849BF9D}.Release|Any CPU.ActiveCfg = Release|Any CPU
		{F53413AA-64C1-4324-9439-02DFC849BF9D}.Release|Any CPU.Build.0 = Release|Any CPU
		{F7ED25E5-478D-4F55-8266-6DF1BF965FB7}.Debug|Any CPU.ActiveCfg = Debug|Any CPU
		{F7ED25E5-478D-4F55-8266-6DF1BF965FB7}.Debug|Any CPU.Build.0 = Debug|Any CPU
		{F7ED25E5-478D-4F55-8266-6DF1BF965FB7}.LamaDebug|Any CPU.ActiveCfg = LamaDebug|Any CPU
		{F7ED25E5-478D-4F55-8266-6DF1BF965FB7}.LamaDebug|Any CPU.Build.0 = LamaDebug|Any CPU
		{F7ED25E5-478D-4F55-8266-6DF1BF965FB7}.Release|Any CPU.ActiveCfg = Release|Any CPU
		{F7ED25E5-478D-4F55-8266-6DF1BF965FB7}.Release|Any CPU.Build.0 = Release|Any CPU
		{D6DF6FB7-09C4-4E10-A306-2FEC074CC82F}.Debug|Any CPU.ActiveCfg = Debug|Any CPU
		{D6DF6FB7-09C4-4E10-A306-2FEC074CC82F}.Debug|Any CPU.Build.0 = Debug|Any CPU
		{D6DF6FB7-09C4-4E10-A306-2FEC074CC82F}.LamaDebug|Any CPU.ActiveCfg = LamaDebug|Any CPU
		{D6DF6FB7-09C4-4E10-A306-2FEC074CC82F}.LamaDebug|Any CPU.Build.0 = LamaDebug|Any CPU
		{D6DF6FB7-09C4-4E10-A306-2FEC074CC82F}.Release|Any CPU.ActiveCfg = Release|Any CPU
		{D6DF6FB7-09C4-4E10-A306-2FEC074CC82F}.Release|Any CPU.Build.0 = Release|Any CPU
		{DC1845C8-D43B-4292-8293-CCE478499329}.Debug|Any CPU.ActiveCfg = Debug|Any CPU
		{DC1845C8-D43B-4292-8293-CCE478499329}.Debug|Any CPU.Build.0 = Debug|Any CPU
		{DC1845C8-D43B-4292-8293-CCE478499329}.LamaDebug|Any CPU.ActiveCfg = LamaDebug|Any CPU
		{DC1845C8-D43B-4292-8293-CCE478499329}.LamaDebug|Any CPU.Build.0 = LamaDebug|Any CPU
		{DC1845C8-D43B-4292-8293-CCE478499329}.Release|Any CPU.ActiveCfg = Release|Any CPU
		{DC1845C8-D43B-4292-8293-CCE478499329}.Release|Any CPU.Build.0 = Release|Any CPU
		{864550DB-5E09-47E5-9761-B077B464A790}.Debug|Any CPU.ActiveCfg = Debug|Any CPU
		{864550DB-5E09-47E5-9761-B077B464A790}.Debug|Any CPU.Build.0 = Debug|Any CPU
		{864550DB-5E09-47E5-9761-B077B464A790}.LamaDebug|Any CPU.ActiveCfg = LamaDebug|Any CPU
		{864550DB-5E09-47E5-9761-B077B464A790}.LamaDebug|Any CPU.Build.0 = LamaDebug|Any CPU
		{864550DB-5E09-47E5-9761-B077B464A790}.Release|Any CPU.ActiveCfg = Release|Any CPU
		{864550DB-5E09-47E5-9761-B077B464A790}.Release|Any CPU.Build.0 = Release|Any CPU
		{E4B40AFA-1679-4CAF-96AE-C6559D77F21E}.Debug|Any CPU.ActiveCfg = Debug|Any CPU
		{E4B40AFA-1679-4CAF-96AE-C6559D77F21E}.Debug|Any CPU.Build.0 = Debug|Any CPU
		{E4B40AFA-1679-4CAF-96AE-C6559D77F21E}.LamaDebug|Any CPU.ActiveCfg = LamaDebug|Any CPU
		{E4B40AFA-1679-4CAF-96AE-C6559D77F21E}.LamaDebug|Any CPU.Build.0 = LamaDebug|Any CPU
		{E4B40AFA-1679-4CAF-96AE-C6559D77F21E}.Release|Any CPU.ActiveCfg = Release|Any CPU
		{E4B40AFA-1679-4CAF-96AE-C6559D77F21E}.Release|Any CPU.Build.0 = Release|Any CPU
		{68A578F2-A5F8-4105-A57A-17F87F254400}.Debug|Any CPU.ActiveCfg = Debug|Any CPU
		{68A578F2-A5F8-4105-A57A-17F87F254400}.Debug|Any CPU.Build.0 = Debug|Any CPU
		{68A578F2-A5F8-4105-A57A-17F87F254400}.LamaDebug|Any CPU.ActiveCfg = LamaDebug|Any CPU
		{68A578F2-A5F8-4105-A57A-17F87F254400}.LamaDebug|Any CPU.Build.0 = LamaDebug|Any CPU
		{68A578F2-A5F8-4105-A57A-17F87F254400}.Release|Any CPU.ActiveCfg = Release|Any CPU
		{68A578F2-A5F8-4105-A57A-17F87F254400}.Release|Any CPU.Build.0 = Release|Any CPU
		{243EE4C1-0778-40E0-8017-F08B1163ACDA}.Debug|Any CPU.ActiveCfg = Debug|Any CPU
		{243EE4C1-0778-40E0-8017-F08B1163ACDA}.Debug|Any CPU.Build.0 = Debug|Any CPU
		{243EE4C1-0778-40E0-8017-F08B1163ACDA}.LamaDebug|Any CPU.ActiveCfg = LamaDebug|Any CPU
		{243EE4C1-0778-40E0-8017-F08B1163ACDA}.LamaDebug|Any CPU.Build.0 = LamaDebug|Any CPU
		{243EE4C1-0778-40E0-8017-F08B1163ACDA}.Release|Any CPU.ActiveCfg = Release|Any CPU
		{243EE4C1-0778-40E0-8017-F08B1163ACDA}.Release|Any CPU.Build.0 = Release|Any CPU
		{7E13774A-D198-4056-A27D-C0630166D54B}.Debug|Any CPU.ActiveCfg = Debug|Any CPU
		{7E13774A-D198-4056-A27D-C0630166D54B}.Debug|Any CPU.Build.0 = Debug|Any CPU
		{7E13774A-D198-4056-A27D-C0630166D54B}.LamaDebug|Any CPU.ActiveCfg = LamaDebug|Any CPU
		{7E13774A-D198-4056-A27D-C0630166D54B}.LamaDebug|Any CPU.Build.0 = LamaDebug|Any CPU
		{7E13774A-D198-4056-A27D-C0630166D54B}.Release|Any CPU.ActiveCfg = Release|Any CPU
		{7E13774A-D198-4056-A27D-C0630166D54B}.Release|Any CPU.Build.0 = Release|Any CPU
		{DB893AD4-3523-495B-AA97-CAED7BFE0EE2}.Debug|Any CPU.ActiveCfg = Debug|Any CPU
		{DB893AD4-3523-495B-AA97-CAED7BFE0EE2}.Debug|Any CPU.Build.0 = Debug|Any CPU
		{DB893AD4-3523-495B-AA97-CAED7BFE0EE2}.LamaDebug|Any CPU.ActiveCfg = LamaDebug|Any CPU
		{DB893AD4-3523-495B-AA97-CAED7BFE0EE2}.LamaDebug|Any CPU.Build.0 = LamaDebug|Any CPU
		{DB893AD4-3523-495B-AA97-CAED7BFE0EE2}.Release|Any CPU.ActiveCfg = Release|Any CPU
		{DB893AD4-3523-495B-AA97-CAED7BFE0EE2}.Release|Any CPU.Build.0 = Release|Any CPU
		{5B9818FD-260D-4E46-AB40-130855B2DC79}.Debug|Any CPU.ActiveCfg = Debug|Any CPU
		{5B9818FD-260D-4E46-AB40-130855B2DC79}.Debug|Any CPU.Build.0 = Debug|Any CPU
		{5B9818FD-260D-4E46-AB40-130855B2DC79}.LamaDebug|Any CPU.ActiveCfg = LamaDebug|Any CPU
		{5B9818FD-260D-4E46-AB40-130855B2DC79}.LamaDebug|Any CPU.Build.0 = LamaDebug|Any CPU
		{5B9818FD-260D-4E46-AB40-130855B2DC79}.Release|Any CPU.ActiveCfg = Release|Any CPU
		{5B9818FD-260D-4E46-AB40-130855B2DC79}.Release|Any CPU.Build.0 = Release|Any CPU
		{0AB5F224-D741-4E13-A097-2180F385B98C}.Debug|Any CPU.ActiveCfg = Debug|Any CPU
		{0AB5F224-D741-4E13-A097-2180F385B98C}.Debug|Any CPU.Build.0 = Debug|Any CPU
		{0AB5F224-D741-4E13-A097-2180F385B98C}.LamaDebug|Any CPU.ActiveCfg = LamaDebug|Any CPU
		{0AB5F224-D741-4E13-A097-2180F385B98C}.LamaDebug|Any CPU.Build.0 = LamaDebug|Any CPU
		{0AB5F224-D741-4E13-A097-2180F385B98C}.Release|Any CPU.ActiveCfg = Release|Any CPU
		{0AB5F224-D741-4E13-A097-2180F385B98C}.Release|Any CPU.Build.0 = Release|Any CPU
		{0E8B7B65-01DE-42E5-A44E-653F8E43AE41}.Debug|Any CPU.ActiveCfg = Debug|Any CPU
		{0E8B7B65-01DE-42E5-A44E-653F8E43AE41}.Debug|Any CPU.Build.0 = Debug|Any CPU
		{0E8B7B65-01DE-42E5-A44E-653F8E43AE41}.LamaDebug|Any CPU.ActiveCfg = Debug|Any CPU
		{0E8B7B65-01DE-42E5-A44E-653F8E43AE41}.LamaDebug|Any CPU.Build.0 = Debug|Any CPU
		{0E8B7B65-01DE-42E5-A44E-653F8E43AE41}.Release|Any CPU.ActiveCfg = Release|Any CPU
		{0E8B7B65-01DE-42E5-A44E-653F8E43AE41}.Release|Any CPU.Build.0 = Release|Any CPU
	EndGlobalSection
	GlobalSection(SolutionProperties) = preSolution
		HideSolutionNode = FALSE
	EndGlobalSection
	GlobalSection(NestedProjects) = preSolution
		{E203D47B-C0C1-434D-BBE3-BB2978197FB9} = {35C14AC9-529D-41DC-B716-E2105A3E4B71}
		{EB4F1B0D-CD3C-4D7B-BDE0-2BDA6142D3C8} = {35C14AC9-529D-41DC-B716-E2105A3E4B71}
		{F53413AA-64C1-4324-9439-02DFC849BF9D} = {35C14AC9-529D-41DC-B716-E2105A3E4B71}
		{F7ED25E5-478D-4F55-8266-6DF1BF965FB7} = {35C14AC9-529D-41DC-B716-E2105A3E4B71}
		{D6DF6FB7-09C4-4E10-A306-2FEC074CC82F} = {35C14AC9-529D-41DC-B716-E2105A3E4B71}
		{DC1845C8-D43B-4292-8293-CCE478499329} = {35C14AC9-529D-41DC-B716-E2105A3E4B71}
		{864550DB-5E09-47E5-9761-B077B464A790} = {35C14AC9-529D-41DC-B716-E2105A3E4B71}
		{E4B40AFA-1679-4CAF-96AE-C6559D77F21E} = {35C14AC9-529D-41DC-B716-E2105A3E4B71}
		{68A578F2-A5F8-4105-A57A-17F87F254400} = {260C060F-65F6-41E9-A2DA-E8BEAB4B4862}
		{243EE4C1-0778-40E0-8017-F08B1163ACDA} = {260C060F-65F6-41E9-A2DA-E8BEAB4B4862}
		{7E13774A-D198-4056-A27D-C0630166D54B} = {A042D991-422D-4E5F-A6F6-FF861966C55D}
		{DB893AD4-3523-495B-AA97-CAED7BFE0EE2} = {A042D991-422D-4E5F-A6F6-FF861966C55D}
		{5B9818FD-260D-4E46-AB40-130855B2DC79} = {6916794A-4C76-4AE9-9505-562148BAE742}
		{0AB5F224-D741-4E13-A097-2180F385B98C} = {6916794A-4C76-4AE9-9505-562148BAE742}
		{0E8B7B65-01DE-42E5-A44E-653F8E43AE41} = {35C14AC9-529D-41DC-B716-E2105A3E4B71}
	EndGlobalSection
	GlobalSection(ExtensibilityGlobals) = postSolution
		SolutionGuid = {40D2FBCB-DC9E-4CF3-AA05-9A42E9210D2C}
	EndGlobalSection
EndGlobal
